// !$*UTF8*$!
{
	archiveVersion = 1;
	classes = {
	};
	objectVersion = 48;
	objects = {

/* Begin PBXBuildFile section */
		1829242820138E0300A8F44D /* AppDelegate.m in Sources */ = {isa = PBXBuildFile; fileRef = 1829242720138E0300A8F44D /* AppDelegate.m */; };
		1829242B20138E0300A8F44D /* ViewController.m in Sources */ = {isa = PBXBuildFile; fileRef = 1829242A20138E0300A8F44D /* ViewController.m */; };
		1829242E20138E0300A8F44D /* Main.storyboard in Resources */ = {isa = PBXBuildFile; fileRef = 1829242C20138E0300A8F44D /* Main.storyboard */; };
		1829243020138E0300A8F44D /* Assets.xcassets in Resources */ = {isa = PBXBuildFile; fileRef = 1829242F20138E0300A8F44D /* Assets.xcassets */; };
		1829243320138E0300A8F44D /* LaunchScreen.storyboard in Resources */ = {isa = PBXBuildFile; fileRef = 1829243120138E0300A8F44D /* LaunchScreen.storyboard */; };
		1829243620138E0300A8F44D /* main.m in Sources */ = {isa = PBXBuildFile; fileRef = 1829243520138E0300A8F44D /* main.m */; };
		1829243D2013907500A8F44D /* GameLogic.m in Sources */ = {isa = PBXBuildFile; fileRef = 1829243C2013907500A8F44D /* GameLogic.m */; };
		182924412013A76E00A8F44D /* MainMenuViewController.m in Sources */ = {isa = PBXBuildFile; fileRef = 182924402013A76E00A8F44D /* MainMenuViewController.m */; };
		182924442013A7AF00A8F44D /* QuizViewController.m in Sources */ = {isa = PBXBuildFile; fileRef = 182924432013A7AF00A8F44D /* QuizViewController.m */; };
/* End PBXBuildFile section */

/* Begin PBXFileReference section */
		1829242320138E0300A8F44D /* Quiz App.app */ = {isa = PBXFileReference; explicitFileType = wrapper.application; includeInIndex = 0; path = "Quiz App.app"; sourceTree = BUILT_PRODUCTS_DIR; };
		1829242620138E0300A8F44D /* AppDelegate.h */ = {isa = PBXFileReference; lastKnownFileType = sourcecode.c.h; path = AppDelegate.h; sourceTree = "<group>"; };
		1829242720138E0300A8F44D /* AppDelegate.m */ = {isa = PBXFileReference; lastKnownFileType = sourcecode.c.objc; path = AppDelegate.m; sourceTree = "<group>"; };
		1829242920138E0300A8F44D /* ViewController.h */ = {isa = PBXFileReference; lastKnownFileType = sourcecode.c.h; path = ViewController.h; sourceTree = "<group>"; };
		1829242A20138E0300A8F44D /* ViewController.m */ = {isa = PBXFileReference; lastKnownFileType = sourcecode.c.objc; path = ViewController.m; sourceTree = "<group>"; };
		1829242D20138E0300A8F44D /* Base */ = {isa = PBXFileReference; lastKnownFileType = file.storyboard; name = Base; path = Base.lproj/Main.storyboard; sourceTree = "<group>"; };
		1829242F20138E0300A8F44D /* Assets.xcassets */ = {isa = PBXFileReference; lastKnownFileType = folder.assetcatalog; path = Assets.xcassets; sourceTree = "<group>"; };
		1829243220138E0300A8F44D /* Base */ = {isa = PBXFileReference; lastKnownFileType = file.storyboard; name = Base; path = Base.lproj/LaunchScreen.storyboard; sourceTree = "<group>"; };
		1829243420138E0300A8F44D /* Info.plist */ = {isa = PBXFileReference; lastKnownFileType = text.plist.xml; path = Info.plist; sourceTree = "<group>"; };
		1829243520138E0300A8F44D /* main.m */ = {isa = PBXFileReference; lastKnownFileType = sourcecode.c.objc; path = main.m; sourceTree = "<group>"; };
		1829243C2013907500A8F44D /* GameLogic.m */ = {isa = PBXFileReference; lastKnownFileType = sourcecode.c.objc; path = GameLogic.m; sourceTree = "<group>"; };
		1829243F2013A76E00A8F44D /* MainMenuViewController.h */ = {isa = PBXFileReference; lastKnownFileType = sourcecode.c.h; path = MainMenuViewController.h; sourceTree = "<group>"; };
		182924402013A76E00A8F44D /* MainMenuViewController.m */ = {isa = PBXFileReference; lastKnownFileType = sourcecode.c.objc; path = MainMenuViewController.m; sourceTree = "<group>"; };
		182924422013A7AF00A8F44D /* QuizViewController.h */ = {isa = PBXFileReference; lastKnownFileType = sourcecode.c.h; path = QuizViewController.h; sourceTree = "<group>"; };
		182924432013A7AF00A8F44D /* QuizViewController.m */ = {isa = PBXFileReference; lastKnownFileType = sourcecode.c.objc; path = QuizViewController.m; sourceTree = "<group>"; };
/* End PBXFileReference section */

/* Begin PBXFrameworksBuildPhase section */
		1829242020138E0300A8F44D /* Frameworks */ = {
			isa = PBXFrameworksBuildPhase;
			buildActionMask = 2147483647;
			files = (
			);
			runOnlyForDeploymentPostprocessing = 0;
		};
/* End PBXFrameworksBuildPhase section */

/* Begin PBXGroup section */
		1829241A20138E0300A8F44D = {
			isa = PBXGroup;
			children = (
				1829242520138E0300A8F44D /* Quiz App */,
				1829242420138E0300A8F44D /* Products */,
			);
			sourceTree = "<group>";
		};
		1829242420138E0300A8F44D /* Products */ = {
			isa = PBXGroup;
			children = (
				1829242320138E0300A8F44D /* Quiz App.app */,
			);
			name = Products;
			sourceTree = "<group>";
		};
		1829242520138E0300A8F44D /* Quiz App */ = {
			isa = PBXGroup;
			children = (
				1829242620138E0300A8F44D /* AppDelegate.h */,
				1829242720138E0300A8F44D /* AppDelegate.m */,
				1829242920138E0300A8F44D /* ViewController.h */,
				1829242A20138E0300A8F44D /* ViewController.m */,
				1829242C20138E0300A8F44D /* Main.storyboard */,
				1829242F20138E0300A8F44D /* Assets.xcassets */,
				1829243120138E0300A8F44D /* LaunchScreen.storyboard */,
				1829243420138E0300A8F44D /* Info.plist */,
				1829243520138E0300A8F44D /* main.m */,
				1829243C2013907500A8F44D /* GameLogic.m */,
				1829243F2013A76E00A8F44D /* MainMenuViewController.h */,
				182924402013A76E00A8F44D /* MainMenuViewController.m */,
				182924422013A7AF00A8F44D /* QuizViewController.h */,
				182924432013A7AF00A8F44D /* QuizViewController.m */,
			);
			path = "Quiz App";
			sourceTree = "<group>";
		};
/* End PBXGroup section */

/* Begin PBXNativeTarget section */
		1829242220138E0300A8F44D /* Quiz App */ = {
			isa = PBXNativeTarget;
			buildConfigurationList = 1829243920138E0300A8F44D /* Build configuration list for PBXNativeTarget "Quiz App" */;
			buildPhases = (
				1829241F20138E0300A8F44D /* Sources */,
				1829242020138E0300A8F44D /* Frameworks */,
				1829242120138E0300A8F44D /* Resources */,
			);
			buildRules = (
			);
			dependencies = (
			);
			name = "Quiz App";
			productName = "Quiz App";
			productReference = 1829242320138E0300A8F44D /* Quiz App.app */;
			productType = "com.apple.product-type.application";
		};
/* End PBXNativeTarget section */

/* Begin PBXProject section */
		1829241B20138E0300A8F44D /* Project object */ = {
			isa = PBXProject;
			attributes = {
				LastUpgradeCheck = 0920;
				ORGANIZATIONNAME = "Eric Groseclos";
				TargetAttributes = {
					1829242220138E0300A8F44D = {
						CreatedOnToolsVersion = 9.2;
						ProvisioningStyle = Automatic;
					};
				};
			};
			buildConfigurationList = 1829241E20138E0300A8F44D /* Build configuration list for PBXProject "Quiz App" */;
			compatibilityVersion = "Xcode 8.0";
			developmentRegion = en;
			hasScannedForEncodings = 0;
			knownRegions = (
				en,
				Base,
			);
			mainGroup = 1829241A20138E0300A8F44D;
			productRefGroup = 1829242420138E0300A8F44D /* Products */;
			projectDirPath = "";
			projectRoot = "";
			targets = (
				1829242220138E0300A8F44D /* Quiz App */,
			);
		};
/* End PBXProject section */

/* Begin PBXResourcesBuildPhase section */
		1829242120138E0300A8F44D /* Resources */ = {
			isa = PBXResourcesBuildPhase;
			buildActionMask = 2147483647;
			files = (
				1829243320138E0300A8F44D /* LaunchScreen.storyboard in Resources */,
				1829243020138E0300A8F44D /* Assets.xcassets in Resources */,
				1829242E20138E0300A8F44D /* Main.storyboard in Resources */,
			);
			runOnlyForDeploymentPostprocessing = 0;
		};
/* End PBXResourcesBuildPhase section */

/* Begin PBXSourcesBuildPhase section */
		1829241F20138E0300A8F44D /* Sources */ = {
			isa = PBXSourcesBuildPhase;
			buildActionMask = 2147483647;
			files = (
				1829242B20138E0300A8F44D /* ViewController.m in Sources */,
				1829243620138E0300A8F44D /* main.m in Sources */,
				1829243D2013907500A8F44D /* GameLogic.m in Sources */,
				1829242820138E0300A8F44D /* AppDelegate.m in Sources */,
				182924412013A76E00A8F44D /* MainMenuViewController.m in Sources */,
				182924442013A7AF00A8F44D /* QuizViewController.m in Sources */,
			);
			runOnlyForDeploymentPostprocessing = 0;
		};
/* End PBXSourcesBuildPhase section */

/* Begin PBXVariantGroup section */
		1829242C20138E0300A8F44D /* Main.storyboard */ = {
			isa = PBXVariantGroup;
			children = (
				1829242D20138E0300A8F44D /* Base */,
			);
			name = Main.storyboard;
			sourceTree = "<group>";
		};
		1829243120138E0300A8F44D /* LaunchScreen.storyboard */ = {
			isa = PBXVariantGroup;
			children = (
				1829243220138E0300A8F44D /* Base */,
			);
			name = LaunchScreen.storyboard;
			sourceTree = "<group>";
		};
/* End PBXVariantGroup section */

/* Begin XCBuildConfiguration section */
		1829243720138E0300A8F44D /* Debug */ = {
			isa = XCBuildConfiguration;
			buildSettings = {
				ALWAYS_SEARCH_USER_PATHS = NO;
				CLANG_ANALYZER_NONNULL = YES;
				CLANG_ANALYZER_NUMBER_OBJECT_CONVERSION = YES_AGGRESSIVE;
				CLANG_CXX_LANGUAGE_STANDARD = "gnu++14";
				CLANG_CXX_LIBRARY = "libc++";
				CLANG_ENABLE_MODULES = YES;
				CLANG_ENABLE_OBJC_ARC = YES;
				CLANG_WARN_BLOCK_CAPTURE_AUTORELEASING = YES;
				CLANG_WARN_BOOL_CONVERSION = YES;
				CLANG_WARN_COMMA = YES;
				CLANG_WARN_CONSTANT_CONVERSION = YES;
				CLANG_WARN_DIRECT_OBJC_ISA_USAGE = YES_ERROR;
				CLANG_WARN_DOCUMENTATION_COMMENTS = YES;
				CLANG_WARN_EMPTY_BODY = YES;
				CLANG_WARN_ENUM_CONVERSION = YES;
				CLANG_WARN_INFINITE_RECURSION = YES;
				CLANG_WARN_INT_CONVERSION = YES;
				CLANG_WARN_NON_LITERAL_NULL_CONVERSION = YES;
				CLANG_WARN_OBJC_LITERAL_CONVERSION = YES;
				CLANG_WARN_OBJC_ROOT_CLASS = YES_ERROR;
				CLANG_WARN_RANGE_LOOP_ANALYSIS = YES;
				CLANG_WARN_STRICT_PROTOTYPES = YES;
				CLANG_WARN_SUSPICIOUS_MOVE = YES;
				CLANG_WARN_UNGUARDED_AVAILABILITY = YES_AGGRESSIVE;
				CLANG_WARN_UNREACHABLE_CODE = YES;
				CLANG_WARN__DUPLICATE_METHOD_MATCH = YES;
				CODE_SIGN_IDENTITY = "iPhone Developer";
				COPY_PHASE_STRIP = NO;
				DEBUG_INFORMATION_FORMAT = dwarf;
				ENABLE_STRICT_OBJC_MSGSEND = YES;
				ENABLE_TESTABILITY = YES;
				GCC_C_LANGUAGE_STANDARD = gnu11;
				GCC_DYNAMIC_NO_PIC = NO;
				GCC_NO_COMMON_BLOCKS = YES;
				GCC_OPTIMIZATION_LEVEL = 0;
				GCC_PREPROCESSOR_DEFINITIONS = (
					"DEBUG=1",
					"$(inherited)",
				);
				GCC_WARN_64_TO_32_BIT_CONVERSION = YES;
				GCC_WARN_ABOUT_RETURN_TYPE = YES_ERROR;
				GCC_WARN_UNDECLARED_SELECTOR = YES;
				GCC_WARN_UNINITIALIZED_AUTOS = YES_AGGRESSIVE;
				GCC_WARN_UNUSED_FUNCTION = YES;
				GCC_WARN_UNUSED_VARIABLE = YES;
				IPHONEOS_DEPLOYMENT_TARGET = 11.2;
				MTL_ENABLE_DEBUG_INFO = YES;
				ONLY_ACTIVE_ARCH = YES;
				SDKROOT = iphoneos;
			};
			name = Debug;
		};
		1829243820138E0300A8F44D /* Release */ = {
			isa = XCBuildConfiguration;
			buildSettings = {
				ALWAYS_SEARCH_USER_PATHS = NO;
				CLANG_ANALYZER_NONNULL = YES;
				CLANG_ANALYZER_NUMBER_OBJECT_CONVERSION = YES_AGGRESSIVE;
				CLANG_CXX_LANGUAGE_STANDARD = "gnu++14";
				CLANG_CXX_LIBRARY = "libc++";
				CLANG_ENABLE_MODULES = YES;
				CLANG_ENABLE_OBJC_ARC = YES;
				CLANG_WARN_BLOCK_CAPTURE_AUTORELEASING = YES;
				CLANG_WARN_BOOL_CONVERSION = YES;
				CLANG_WARN_COMMA = YES;
				CLANG_WARN_CONSTANT_CONVERSION = YES;
				CLANG_WARN_DIRECT_OBJC_ISA_USAGE = YES_ERROR;
				CLANG_WARN_DOCUMENTATION_COMMENTS = YES;
				CLANG_WARN_EMPTY_BODY = YES;
				CLANG_WARN_ENUM_CONVERSION = YES;
				CLANG_WARN_INFINITE_RECURSION = YES;
				CLANG_WARN_INT_CONVERSION = YES;
				CLANG_WARN_NON_LITERAL_NULL_CONVERSION = YES;
				CLANG_WARN_OBJC_LITERAL_CONVERSION = YES;
				CLANG_WARN_OBJC_ROOT_CLASS = YES_ERROR;
				CLANG_WARN_RANGE_LOOP_ANALYSIS = YES;
				CLANG_WARN_STRICT_PROTOTYPES = YES;
				CLANG_WARN_SUSPICIOUS_MOVE = YES;
				CLANG_WARN_UNGUARDED_AVAILABILITY = YES_AGGRESSIVE;
				CLANG_WARN_UNREACHABLE_CODE = YES;
				CLANG_WARN__DUPLICATE_METHOD_MATCH = YES;
				CODE_SIGN_IDENTITY = "iPhone Developer";
				COPY_PHASE_STRIP = NO;
				DEBUG_INFORMATION_FORMAT = "dwarf-with-dsym";
				ENABLE_NS_ASSERTIONS = NO;
				ENABLE_STRICT_OBJC_MSGSEND = YES;
				GCC_C_LANGUAGE_STANDARD = gnu11;
				GCC_NO_COMMON_BLOCKS = YES;
				GCC_WARN_64_TO_32_BIT_CONVERSION = YES;
				GCC_WARN_ABOUT_RETURN_TYPE = YES_ERROR;
				GCC_WARN_UNDECLARED_SELECTOR = YES;
				GCC_WARN_UNINITIALIZED_AUTOS = YES_AGGRESSIVE;
				GCC_WARN_UNUSED_FUNCTION = YES;
				GCC_WARN_UNUSED_VARIABLE = YES;
				IPHONEOS_DEPLOYMENT_TARGET = 11.2;
				MTL_ENABLE_DEBUG_INFO = NO;
				SDKROOT = iphoneos;
				VALIDATE_PRODUCT = YES;
			};
			name = Release;
		};
		1829243A20138E0300A8F44D /* Debug */ = {
			isa = XCBuildConfiguration;
			buildSettings = {
				ASSETCATALOG_COMPILER_APPICON_NAME = AppIcon;
				CODE_SIGN_STYLE = Automatic;
				INFOPLIST_FILE = "Quiz App/Info.plist";
				LD_RUNPATH_SEARCH_PATHS = "$(inherited) @executable_path/Frameworks";
				PRODUCT_BUNDLE_IDENTIFIER = "EG.Quiz-App";
				PRODUCT_NAME = "$(TARGET_NAME)";
				TARGETED_DEVICE_FAMILY = "1,2";
			};
			name = Debug;
		};
		1829243B20138E0300A8F44D /* Release */ = {
			isa = XCBuildConfiguration;
			buildSettings = {
				ASSETCATALOG_COMPILER_APPICON_NAME = AppIcon;
				CODE_SIGN_STYLE = Automatic;
				INFOPLIST_FILE = "Quiz App/Info.plist";
				LD_RUNPATH_SEARCH_PATHS = "$(inherited) @executable_path/Frameworks";
				PRODUCT_BUNDLE_IDENTIFIER = "EG.Quiz-App";
				PRODUCT_NAME = "$(TARGET_NAME)";
				TARGETED_DEVICE_FAMILY = "1,2";
			};
			name = Release;
		};
/* End XCBuildConfiguration section */

/* Begin XCConfigurationList section */
		1829241E20138E0300A8F44D /* Build configuration list for PBXProject "Quiz App" */ = {
			isa = XCConfigurationList;
			buildConfigurations = (
				1829243720138E0300A8F44D /* Debug */,
				1829243820138E0300A8F44D /* Release */,
			);
			defaultConfigurationIsVisible = 0;
			defaultConfigurationName = Release;
		};
		1829243920138E0300A8F44D /* Build configuration list for PBXNativeTarget "Quiz App" */ = {
			isa = XCConfigurationList;
			buildConfigurations = (
				1829243A20138E0300A8F44D /* Debug */,
				1829243B20138E0300A8F44D /* Release */,
			);
			defaultConfigurationIsVisible = 0;
			defaultConfigurationName = Release;
		};
/* End XCConfigurationList section */
	};
	rootObject = 1829241B20138E0300A8F44D /* Project object */;
}
